
Microsoft Visual Studio Solution File, Format Version 12.00
# Visual Studio Version 18
VisualStudioVersion = 18.5.11801.241 oobstable
MinimumVisualStudioVersion = 10.0.40219.1
Project("{2150E333-8FDC-42A3-9474-1A3956D46DE8}") = "src", "src", "{827E0CD3-B72D-47B6-A68D-7590B98EB39B}"
EndProject
Project("{2150E333-8FDC-42A3-9474-1A3956D46DE8}") = "BuildingBlocks", "BuildingBlocks", "{90298CBA-BD6F-3A0A-69D5-97CAD7B05E7E}"
EndProject
Project("{FAE04EC0-301F-11D3-BF4B-00C04F79EFBC}") = "BuildingBlocks.Core", "src\BuildingBlocks\BuildingBlocks.Core\BuildingBlocks.Core.csproj", "{6645F84F-2F15-4773-8174-54A9D1BA2403}"
EndProject
Project("{FAE04EC0-301F-11D3-BF4B-00C04F79EFBC}") = "BuildingBlocks.Infrastructure", "src\BuildingBlocks\BuildingBlocks.Infrastructure\BuildingBlocks.Infrastructure.csproj", "{480F930E-E08C-4460-986C-B9642653E939}"
EndProject
Project("{FAE04EC0-301F-11D3-BF4B-00C04F79EFBC}") = "BuildingBlocks.UI", "src\BuildingBlocks\BuildingBlocks.UI\BuildingBlocks.UI.csproj", "{4461FD4E-A4EF-4A94-8F28-F484D2669DE8}"
EndProject
Project("{FAE04EC0-301F-11D3-BF4B-00C04F79EFBC}") = "BuildingBlocks.Workflow", "src\BuildingBlocks\BuildingBlocks.Workflow\BuildingBlocks.Workflow.csproj", "{D58311AC-AADE-4F74-8964-C483B9A44DC3}"
EndProject
Project("{2150E333-8FDC-42A3-9474-1A3956D46DE8}") = "Frontends", "Frontends", "{FD11E8FD-FA37-D09A-0E3B-962F97776DA7}"
EndProject
Project("{FAE04EC0-301F-11D3-BF4B-00C04F79EFBC}") = "App.Mobile", "src\Frontends\App.Mobile\App.Mobile.csproj", "{DBFB4A10-1A74-490F-8B36-5284026C9DCD}"
EndProject
Project("{FAE04EC0-301F-11D3-BF4B-00C04F79EFBC}") = "App.SharedUI", "src\Frontends\App.SharedUI\App.SharedUI.csproj", "{EDC8A3E5-19A0-41D2-873A-C0743FC5DDE7}"
EndProject
Project("{FAE04EC0-301F-11D3-BF4B-00C04F79EFBC}") = "App.Web", "src\Frontends\App.Web\App.Web.csproj", "{E0280DE5-8C42-48E9-A411-410D52A5A324}"
EndProject
Project("{2150E333-8FDC-42A3-9474-1A3956D46DE8}") = "Modules", "Modules", "{EC447DCF-ABFA-6E24-52A5-D7FD48A5C558}"
EndProject
Project("{2150E333-8FDC-42A3-9474-1A3956D46DE8}") = "Identity", "Identity", "{0EC62A1A-9858-3A60-8A0C-FC9AACFA2EC7}"
EndProject
Project("{FAE04EC0-301F-11D3-BF4B-00C04F79EFBC}") = "Company.App.Identity.Endpoints", "src\Modules\Identity\Company.App.Identity.Endpoints\Company.App.Identity.Endpoints.csproj", "{D6326868-6D93-47D9-AE34-5895DB1A37A8}"
EndProject
Project("{FAE04EC0-301F-11D3-BF4B-00C04F79EFBC}") = "Company.App.Identity.Application", "src\Modules\Identity\Company.App.Identity.Application\Company.App.Identity.Application.csproj", "{089120BF-D10D-44B6-90DC-946FF360CC1A}"
EndProject
Project("{FAE04EC0-301F-11D3-BF4B-00C04F79EFBC}") = "Company.App.Identity.Domain", "src\Modules\Identity\Company.App.Identity.Domain\Company.App.Identity.Domain.csproj", "{8BBECA6F-8E74-44AD-92C8-F29FB052EBDB}"
EndProject
Project("{FAE04EC0-301F-11D3-BF4B-00C04F79EFBC}") = "Company.App.Identity.Infrastructure", "src\Modules\Identity\Company.App.Identity.Infrastructure\Company.App.Identity.Infrastructure.csproj", "{C3C57391-210A-4D52-9A35-3C49A2E31492}"
EndProject
Project("{2150E333-8FDC-42A3-9474-1A3956D46DE8}") = "Host", "Host", "{981C2CF6-E5BB-602A-511C-234B538302B0}"
EndProject
Project("{FAE04EC0-301F-11D3-BF4B-00C04F79EFBC}") = "App.ApiHost", "src\Host\App.ApiHost\App.ApiHost.csproj", "{5C17FD7E-A76F-41F1-8B07-B853870D631A}"
EndProject
Project("{2150E333-8FDC-42A3-9474-1A3956D46DE8}") = "HSE", "HSE", "{47F24595-6CDB-7124-5351-294006A4EA6F}"
EndProject
Project("{FAE04EC0-301F-11D3-BF4B-00C04F79EFBC}") = "Company.App.Hse.Endpoints", "src\Modules\HSE\Company.App.Hse.Endpoints\Company.App.Hse.Endpoints.csproj", "{AC4CBB6C-62CA-4B2A-9BC7-3082E9B3069C}"
EndProject
Project("{FAE04EC0-301F-11D3-BF4B-00C04F79EFBC}") = "Company.App.Hse.Application", "src\Modules\HSE\Company.App.Hse.Application\Company.App.Hse.Application.csproj", "{6FE8A555-4BFC-4A9E-B554-9DF4191605DF}"
EndProject
Project("{FAE04EC0-301F-11D3-BF4B-00C04F79EFBC}") = "Company.App.Hse.Domain", "src\Modules\HSE\Company.App.Hse.Domain\Company.App.Hse.Domain.csproj", "{00297A1E-1FAA-4F52-8BD2-7B1B5A9D2271}"
EndProject
Project("{FAE04EC0-301F-11D3-BF4B-00C04F79EFBC}") = "Company.App.Hse.Infrastructure", "src\Modules\HSE\Company.App.Hse.Infrastructure\Company.App.Hse.Infrastructure.csproj", "{022897D3-C12E-446F-B049-A94FC5AF9F66}"
EndProject
Project("{2150E333-8FDC-42A3-9474-1A3956D46DE8}") = "HR", "HR", "{6EBCFD33-7D2C-6F0C-B60B-6B70B57F5713}"
EndProject
Project("{FAE04EC0-301F-11D3-BF4B-00C04F79EFBC}") = "Company.App.Hr.Application", "src\Modules\HR\Company.App.Hr.Application\Company.App.Hr.Application.csproj", "{019C59ED-A3B1-4AE0-A009-EECBC055370C}"
EndProject
Project("{FAE04EC0-301F-11D3-BF4B-00C04F79EFBC}") = "Company.App.Hr.Domain", "src\Modules\HR\Company.App.Hr.Domain\Company.App.Hr.Domain.csproj", "{33209979-D2A6-4DCB-8E12-A23061CF7401}"
EndProject
Project("{FAE04EC0-301F-11D3-BF4B-00C04F79EFBC}") = "Company.App.Hr.Endpoints", "src\Modules\HR\Company.App.Hr.Endpoints\Company.App.Hr.Endpoints.csproj", "{A04C3EE9-D3B3-47BB-849F-E0C0AD85E043}"
EndProject
Project("{FAE04EC0-301F-11D3-BF4B-00C04F79EFBC}") = "Company.App.Hr.Infrastructure", "src\Modules\HR\Company.App.Hr.Infrastructure\Company.App.Hr.Infrastructure.csproj", "{F6BCFA4B-EB1E-4075-89A3-7BA70C49A6C7}"
EndProject
Project("{2150E333-8FDC-42A3-9474-1A3956D46DE8}") = "PlantMaintenance", "PlantMaintenance", "{742DB8C1-F799-2629-68C3-D4C48DE551AD}"
EndProject
Project("{FAE04EC0-301F-11D3-BF4B-00C04F79EFBC}") = "Company.App.PM.Application", "src\Modules\PlantMaintenance\Company.App.PM.Application\Company.App.PM.Application.csproj", "{F8B51BD7-6F3B-44C7-9EAE-B2A0FCAD48AF}"
EndProject
Project("{FAE04EC0-301F-11D3-BF4B-00C04F79EFBC}") = "Company.App.PM.Domain", "src\Modules\PlantMaintenance\Company.App.PM.Domain\Company.App.PM.Domain.csproj", "{3C40FA03-4CD9-49E7-9005-97E43DB94E93}"
EndProject
Project("{FAE04EC0-301F-11D3-BF4B-00C04F79EFBC}") = "Company.App.PM.Endpoints", "src\Modules\PlantMaintenance\Company.App.PM.Endpoints\Company.App.PM.Endpoints.csproj", "{DA377113-E11C-4F40-A597-1951BCF65DA5}"
EndProject
Project("{FAE04EC0-301F-11D3-BF4B-00C04F79EFBC}") = "Company.App.PM.Infrastructure", "src\Modules\PlantMaintenance\Company.App.PM.Infrastructure\Company.App.PM.Infrastructure.csproj", "{5F0BA53D-E159-4AF1-97E7-5A28DB4AAD02}"
EndProject
Global
	GlobalSection(SolutionConfigurationPlatforms) = preSolution
		Debug|Any CPU = Debug|Any CPU
		Debug|x64 = Debug|x64
		Debug|x86 = Debug|x86
		Release|Any CPU = Release|Any CPU
		Release|x64 = Release|x64
		Release|x86 = Release|x86
	EndGlobalSection
	GlobalSection(ProjectConfigurationPlatforms) = postSolution
		{6645F84F-2F15-4773-8174-54A9D1BA2403}.Debug|Any CPU.ActiveCfg = Debug|Any CPU
		{6645F84F-2F15-4773-8174-54A9D1BA2403}.Debug|Any CPU.Build.0 = Debug|Any CPU
		{6645F84F-2F15-4773-8174-54A9D1BA2403}.Debug|x64.ActiveCfg = Debug|Any CPU
		{6645F84F-2F15-4773-8174-54A9D1BA2403}.Debug|x64.Build.0 = Debug|Any CPU
		{6645F84F-2F15-4773-8174-54A9D1BA2403}.Debug|x86.ActiveCfg = Debug|Any CPU
		{6645F84F-2F15-4773-8174-54A9D1BA2403}.Debug|x86.Build.0 = Debug|Any CPU
		{6645F84F-2F15-4773-8174-54A9D1BA2403}.Release|Any CPU.ActiveCfg = Release|Any CPU
		{6645F84F-2F15-4773-8174-54A9D1BA2403}.Release|Any CPU.Build.0 = Release|Any CPU
		{6645F84F-2F15-4773-8174-54A9D1BA2403}.Release|x64.ActiveCfg = Release|Any CPU
		{6645F84F-2F15-4773-8174-54A9D1BA2403}.Release|x64.Build.0 = Release|Any CPU
		{6645F84F-2F15-4773-8174-54A9D1BA2403}.Release|x86.ActiveCfg = Release|Any CPU
		{6645F84F-2F15-4773-8174-54A9D1BA2403}.Release|x86.Build.0 = Release|Any CPU
		{480F930E-E08C-4460-986C-B9642653E939}.Debug|Any CPU.ActiveCfg = Debug|Any CPU
		{480F930E-E08C-4460-986C-B9642653E939}.Debug|Any CPU.Build.0 = Debug|Any CPU
		{480F930E-E08C-4460-986C-B9642653E939}.Debug|x64.ActiveCfg = Debug|Any CPU
		{480F930E-E08C-4460-986C-B9642653E939}.Debug|x64.Build.0 = Debug|Any CPU
		{480F930E-E08C-4460-986C-B9642653E939}.Debug|x86.ActiveCfg = Debug|Any CPU
		{480F930E-E08C-4460-986C-B9642653E939}.Debug|x86.Build.0 = Debug|Any CPU
		{480F930E-E08C-4460-986C-B9642653E939}.Release|Any CPU.ActiveCfg = Release|Any CPU
		{480F930E-E08C-4460-986C-B9642653E939}.Release|Any CPU.Build.0 = Release|Any CPU
		{480F930E-E08C-4460-986C-B9642653E939}.Release|x64.ActiveCfg = Release|Any CPU
		{480F930E-E08C-4460-986C-B9642653E939}.Release|x64.Build.0 = Release|Any CPU
		{480F930E-E08C-4460-986C-B9642653E939}.Release|x86.ActiveCfg = Release|Any CPU
		{480F930E-E08C-4460-986C-B9642653E939}.Release|x86.Build.0 = Release|Any CPU
		{4461FD4E-A4EF-4A94-8F28-F484D2669DE8}.Debug|Any CPU.ActiveCfg = Debug|Any CPU
		{4461FD4E-A4EF-4A94-8F28-F484D2669DE8}.Debug|Any CPU.Build.0 = Debug|Any CPU
		{4461FD4E-A4EF-4A94-8F28-F484D2669DE8}.Debug|x64.ActiveCfg = Debug|Any CPU
		{4461FD4E-A4EF-4A94-8F28-F484D2669DE8}.Debug|x64.Build.0 = Debug|Any CPU
		{4461FD4E-A4EF-4A94-8F28-F484D2669DE8}.Debug|x86.ActiveCfg = Debug|Any CPU
		{4461FD4E-A4EF-4A94-8F28-F484D2669DE8}.Debug|x86.Build.0 = Debug|Any CPU
		{4461FD4E-A4EF-4A94-8F28-F484D2669DE8}.Release|Any CPU.ActiveCfg = Release|Any CPU
		{4461FD4E-A4EF-4A94-8F28-F484D2669DE8}.Release|Any CPU.Build.0 = Release|Any CPU
		{4461FD4E-A4EF-4A94-8F28-F484D2669DE8}.Release|x64.ActiveCfg = Release|Any CPU
		{4461FD4E-A4EF-4A94-8F28-F484D2669DE8}.Release|x64.Build.0 = Release|Any CPU
		{4461FD4E-A4EF-4A94-8F28-F484D2669DE8}.Release|x86.ActiveCfg = Release|Any CPU
		{4461FD4E-A4EF-4A94-8F28-F484D2669DE8}.Release|x86.Build.0 = Release|Any CPU
		{D58311AC-AADE-4F74-8964-C483B9A44DC3}.Debug|Any CPU.ActiveCfg = Debug|Any CPU
		{D58311AC-AADE-4F74-8964-C483B9A44DC3}.Debug|Any CPU.Build.0 = Debug|Any CPU
		{D58311AC-AADE-4F74-8964-C483B9A44DC3}.Debug|x64.ActiveCfg = Debug|Any CPU
		{D58311AC-AADE-4F74-8964-C483B9A44DC3}.Debug|x64.Build.0 = Debug|Any CPU
		{D58311AC-AADE-4F74-8964-C483B9A44DC3}.Debug|x86.ActiveCfg = Debug|Any CPU
		{D58311AC-AADE-4F74-8964-C483B9A44DC3}.Debug|x86.Build.0 = Debug|Any CPU
		{D58311AC-AADE-4F74-8964-C483B9A44DC3}.Release|Any CPU.ActiveCfg = Release|Any CPU
		{D58311AC-AADE-4F74-8964-C483B9A44DC3}.Release|Any CPU.Build.0 = Release|Any CPU
		{D58311AC-AADE-4F74-8964-C483B9A44DC3}.Release|x64.ActiveCfg = Release|Any CPU
		{D58311AC-AADE-4F74-8964-C483B9A44DC3}.Release|x64.Build.0 = Release|Any CPU
		{D58311AC-AADE-4F74-8964-C483B9A44DC3}.Release|x86.ActiveCfg = Release|Any CPU
		{D58311AC-AADE-4F74-8964-C483B9A44DC3}.Release|x86.Build.0 = Release|Any CPU
		{DBFB4A10-1A74-490F-8B36-5284026C9DCD}.Debug|Any CPU.ActiveCfg = Debug|Any CPU
		{DBFB4A10-1A74-490F-8B36-5284026C9DCD}.Debug|Any CPU.Build.0 = Debug|Any CPU
		{DBFB4A10-1A74-490F-8B36-5284026C9DCD}.Debug|x64.ActiveCfg = Debug|Any CPU
		{DBFB4A10-1A74-490F-8B36-5284026C9DCD}.Debug|x64.Build.0 = Debug|Any CPU
		{DBFB4A10-1A74-490F-8B36-5284026C9DCD}.Debug|x86.ActiveCfg = Debug|Any CPU
		{DBFB4A10-1A74-490F-8B36-5284026C9DCD}.Debug|x86.Build.0 = Debug|Any CPU
		{DBFB4A10-1A74-490F-8B36-5284026C9DCD}.Release|Any CPU.ActiveCfg = Release|Any CPU
		{DBFB4A10-1A74-490F-8B36-5284026C9DCD}.Release|Any CPU.Build.0 = Release|Any CPU
		{DBFB4A10-1A74-490F-8B36-5284026C9DCD}.Release|x64.ActiveCfg = Release|Any CPU
		{DBFB4A10-1A74-490F-8B36-5284026C9DCD}.Release|x64.Build.0 = Release|Any CPU
		{DBFB4A10-1A74-490F-8B36-5284026C9DCD}.Release|x86.ActiveCfg = Release|Any CPU
		{DBFB4A10-1A74-490F-8B36-5284026C9DCD}.Release|x86.Build.0 = Release|Any CPU
		{EDC8A3E5-19A0-41D2-873A-C0743FC5DDE7}.Debug|Any CPU.ActiveCfg = Debug|Any CPU
		{EDC8A3E5-19A0-41D2-873A-C0743FC5DDE7}.Debug|Any CPU.Build.0 = Debug|Any CPU
		{EDC8A3E5-19A0-41D2-873A-C0743FC5DDE7}.Debug|x64.ActiveCfg = Debug|Any CPU
		{EDC8A3E5-19A0-41D2-873A-C0743FC5DDE7}.Debug|x64.Build.0 = Debug|Any CPU
		{EDC8A3E5-19A0-41D2-873A-C0743FC5DDE7}.Debug|x86.ActiveCfg = Debug|Any CPU
		{EDC8A3E5-19A0-41D2-873A-C0743FC5DDE7}.Debug|x86.Build.0 = Debug|Any CPU
		{EDC8A3E5-19A0-41D2-873A-C0743FC5DDE7}.Release|Any CPU.ActiveCfg = Release|Any CPU
		{EDC8A3E5-19A0-41D2-873A-C0743FC5DDE7}.Release|Any CPU.Build.0 = Release|Any CPU
		{EDC8A3E5-19A0-41D2-873A-C0743FC5DDE7}.Release|x64.ActiveCfg = Release|Any CPU
		{EDC8A3E5-19A0-41D2-873A-C0743FC5DDE7}.Release|x64.Build.0 = Release|Any CPU
		{EDC8A3E5-19A0-41D2-873A-C0743FC5DDE7}.Release|x86.ActiveCfg = Release|Any CPU
		{EDC8A3E5-19A0-41D2-873A-C0743FC5DDE7}.Release|x86.Build.0 = Release|Any CPU
		{E0280DE5-8C42-48E9-A411-410D52A5A324}.Debug|Any CPU.ActiveCfg = Debug|Any CPU
		{E0280DE5-8C42-48E9-A411-410D52A5A324}.Debug|Any CPU.Build.0 = Debug|Any CPU
		{E0280DE5-8C42-48E9-A411-410D52A5A324}.Debug|x64.ActiveCfg = Debug|Any CPU
		{E0280DE5-8C42-48E9-A411-410D52A5A324}.Debug|x64.Build.0 = Debug|Any CPU
		{E0280DE5-8C42-48E9-A411-410D52A5A324}.Debug|x86.ActiveCfg = Debug|Any CPU
		{E0280DE5-8C42-48E9-A411-410D52A5A324}.Debug|x86.Build.0 = Debug|Any CPU
		{E0280DE5-8C42-48E9-A411-410D52A5A324}.Release|Any CPU.ActiveCfg = Release|Any CPU
		{E0280DE5-8C42-48E9-A411-410D52A5A324}.Release|Any CPU.Build.0 = Release|Any CPU
		{E0280DE5-8C42-48E9-A411-410D52A5A324}.Release|x64.ActiveCfg = Release|Any CPU
		{E0280DE5-8C42-48E9-A411-410D52A5A324}.Release|x64.Build.0 = Release|Any CPU
		{E0280DE5-8C42-48E9-A411-410D52A5A324}.Release|x86.ActiveCfg = Release|Any CPU
		{E0280DE5-8C42-48E9-A411-410D52A5A324}.Release|x86.Build.0 = Release|Any CPU
		{D6326868-6D93-47D9-AE34-5895DB1A37A8}.Debug|Any CPU.ActiveCfg = Debug|Any CPU
		{D6326868-6D93-47D9-AE34-5895DB1A37A8}.Debug|Any CPU.Build.0 = Debug|Any CPU
		{D6326868-6D93-47D9-AE34-5895DB1A37A8}.Debug|x64.ActiveCfg = Debug|Any CPU
		{D6326868-6D93-47D9-AE34-5895DB1A37A8}.Debug|x64.Build.0 = Debug|Any CPU
		{D6326868-6D93-47D9-AE34-5895DB1A37A8}.Debug|x86.ActiveCfg = Debug|Any CPU
		{D6326868-6D93-47D9-AE34-5895DB1A37A8}.Debug|x86.Build.0 = Debug|Any CPU
		{D6326868-6D93-47D9-AE34-5895DB1A37A8}.Release|Any CPU.ActiveCfg = Release|Any CPU
		{D6326868-6D93-47D9-AE34-5895DB1A37A8}.Release|Any CPU.Build.0 = Release|Any CPU
		{D6326868-6D93-47D9-AE34-5895DB1A37A8}.Release|x64.ActiveCfg = Release|Any CPU
		{D6326868-6D93-47D9-AE34-5895DB1A37A8}.Release|x64.Build.0 = Release|Any CPU
		{D6326868-6D93-47D9-AE34-5895DB1A37A8}.Release|x86.ActiveCfg = Release|Any CPU
		{D6326868-6D93-47D9-AE34-5895DB1A37A8}.Release|x86.Build.0 = Release|Any CPU
		{089120BF-D10D-44B6-90DC-946FF360CC1A}.Debug|Any CPU.ActiveCfg = Debug|Any CPU
		{089120BF-D10D-44B6-90DC-946FF360CC1A}.Debug|Any CPU.Build.0 = Debug|Any CPU
		{089120BF-D10D-44B6-90DC-946FF360CC1A}.Debug|x64.ActiveCfg = Debug|Any CPU
		{089120BF-D10D-44B6-90DC-946FF360CC1A}.Debug|x64.Build.0 = Debug|Any CPU
		{089120BF-D10D-44B6-90DC-946FF360CC1A}.Debug|x86.ActiveCfg = Debug|Any CPU
		{089120BF-D10D-44B6-90DC-946FF360CC1A}.Debug|x86.Build.0 = Debug|Any CPU
		{089120BF-D10D-44B6-90DC-946FF360CC1A}.Release|Any CPU.ActiveCfg = Release|Any CPU
		{089120BF-D10D-44B6-90DC-946FF360CC1A}.Release|Any CPU.Build.0 = Release|Any CPU
		{089120BF-D10D-44B6-90DC-946FF360CC1A}.Release|x64.ActiveCfg = Release|Any CPU
		{089120BF-D10D-44B6-90DC-946FF360CC1A}.Release|x64.Build.0 = Release|Any CPU
		{089120BF-D10D-44B6-90DC-946FF360CC1A}.Release|x86.ActiveCfg = Release|Any CPU
		{089120BF-D10D-44B6-90DC-946FF360CC1A}.Release|x86.Build.0 = Release|Any CPU
		{8BBECA6F-8E74-44AD-92C8-F29FB052EBDB}.Debug|Any CPU.ActiveCfg = Debug|Any CPU
		{8BBECA6F-8E74-44AD-92C8-F29FB052EBDB}.Debug|Any CPU.Build.0 = Debug|Any CPU
		{8BBECA6F-8E74-44AD-92C8-F29FB052EBDB}.Debug|x64.ActiveCfg = Debug|Any CPU
		{8BBECA6F-8E74-44AD-92C8-F29FB052EBDB}.Debug|x64.Build.0 = Debug|Any CPU
		{8BBECA6F-8E74-44AD-92C8-F29FB052EBDB}.Debug|x86.ActiveCfg = Debug|Any CPU
		{8BBECA6F-8E74-44AD-92C8-F29FB052EBDB}.Debug|x86.Build.0 = Debug|Any CPU
		{8BBECA6F-8E74-44AD-92C8-F29FB052EBDB}.Release|Any CPU.ActiveCfg = Release|Any CPU
		{8BBECA6F-8E74-44AD-92C8-F29FB052EBDB}.Release|Any CPU.Build.0 = Release|Any CPU
		{8BBECA6F-8E74-44AD-92C8-F29FB052EBDB}.Release|x64.ActiveCfg = Release|Any CPU
		{8BBECA6F-8E74-44AD-92C8-F29FB052EBDB}.Release|x64.Build.0 = Release|Any CPU
		{8BBECA6F-8E74-44AD-92C8-F29FB052EBDB}.Release|x86.ActiveCfg = Release|Any CPU
		{8BBECA6F-8E74-44AD-92C8-F29FB052EBDB}.Release|x86.Build.0 = Release|Any CPU
		{C3C57391-210A-4D52-9A35-3C49A2E31492}.Debug|Any CPU.ActiveCfg = Debug|Any CPU
		{C3C57391-210A-4D52-9A35-3C49A2E31492}.Debug|Any CPU.Build.0 = Debug|Any CPU
		{C3C57391-210A-4D52-9A35-3C49A2E31492}.Debug|x64.ActiveCfg = Debug|Any CPU
		{C3C57391-210A-4D52-9A35-3C49A2E31492}.Debug|x64.Build.0 = Debug|Any CPU
		{C3C57391-210A-4D52-9A35-3C49A2E31492}.Debug|x86.ActiveCfg = Debug|Any CPU
		{C3C57391-210A-4D52-9A35-3C49A2E31492}.Debug|x86.Build.0 = Debug|Any CPU
		{C3C57391-210A-4D52-9A35-3C49A2E31492}.Release|Any CPU.ActiveCfg = Release|Any CPU
		{C3C57391-210A-4D52-9A35-3C49A2E31492}.Release|Any CPU.Build.0 = Release|Any CPU
		{C3C57391-210A-4D52-9A35-3C49A2E31492}.Release|x64.ActiveCfg = Release|Any CPU
		{C3C57391-210A-4D52-9A35-3C49A2E31492}.Release|x64.Build.0 = Release|Any CPU
		{C3C57391-210A-4D52-9A35-3C49A2E31492}.Release|x86.ActiveCfg = Release|Any CPU
		{C3C57391-210A-4D52-9A35-3C49A2E31492}.Release|x86.Build.0 = Release|Any CPU
		{5C17FD7E-A76F-41F1-8B07-B853870D631A}.Debug|Any CPU.ActiveCfg = Debug|Any CPU
		{5C17FD7E-A76F-41F1-8B07-B853870D631A}.Debug|Any CPU.Build.0 = Debug|Any CPU
		{5C17FD7E-A76F-41F1-8B07-B853870D631A}.Debug|x64.ActiveCfg = Debug|Any CPU
		{5C17FD7E-A76F-41F1-8B07-B853870D631A}.Debug|x64.Build.0 = Debug|Any CPU
		{5C17FD7E-A76F-41F1-8B07-B853870D631A}.Debug|x86.ActiveCfg = Debug|Any CPU
		{5C17FD7E-A76F-41F1-8B07-B853870D631A}.Debug|x86.Build.0 = Debug|Any CPU
		{5C17FD7E-A76F-41F1-8B07-B853870D631A}.Release|Any CPU.ActiveCfg = Release|Any CPU
		{5C17FD7E-A76F-41F1-8B07-B853870D631A}.Release|Any CPU.Build.0 = Release|Any CPU
		{5C17FD7E-A76F-41F1-8B07-B853870D631A}.Release|x64.ActiveCfg = Release|Any CPU
		{5C17FD7E-A76F-41F1-8B07-B853870D631A}.Release|x64.Build.0 = Release|Any CPU
		{5C17FD7E-A76F-41F1-8B07-B853870D631A}.Release|x86.ActiveCfg = Release|Any CPU
		{5C17FD7E-A76F-41F1-8B07-B853870D631A}.Release|x86.Build.0 = Release|Any CPU
		{AC4CBB6C-62CA-4B2A-9BC7-3082E9B3069C}.Debug|Any CPU.ActiveCfg = Debug|Any CPU
		{AC4CBB6C-62CA-4B2A-9BC7-3082E9B3069C}.Debug|Any CPU.Build.0 = Debug|Any CPU
		{AC4CBB6C-62CA-4B2A-9BC7-3082E9B3069C}.Debug|x64.ActiveCfg = Debug|Any CPU
		{AC4CBB6C-62CA-4B2A-9BC7-3082E9B3069C}.Debug|x64.Build.0 = Debug|Any CPU
		{AC4CBB6C-62CA-4B2A-9BC7-3082E9B3069C}.Debug|x86.ActiveCfg = Debug|Any CPU
		{AC4CBB6C-62CA-4B2A-9BC7-3082E9B3069C}.Debug|x86.Build.0 = Debug|Any CPU
		{AC4CBB6C-62CA-4B2A-9BC7-3082E9B3069C}.Release|Any CPU.ActiveCfg = Release|Any CPU
		{AC4CBB6C-62CA-4B2A-9BC7-3082E9B3069C}.Release|Any CPU.Build.0 = Release|Any CPU
		{AC4CBB6C-62CA-4B2A-9BC7-3082E9B3069C}.Release|x64.ActiveCfg = Release|Any CPU
		{AC4CBB6C-62CA-4B2A-9BC7-3082E9B3069C}.Release|x64.Build.0 = Release|Any CPU
		{AC4CBB6C-62CA-4B2A-9BC7-3082E9B3069C}.Release|x86.ActiveCfg = Release|Any CPU
		{AC4CBB6C-62CA-4B2A-9BC7-3082E9B3069C}.Release|x86.Build.0 = Release|Any CPU
		{6FE8A555-4BFC-4A9E-B554-9DF4191605DF}.Debug|Any CPU.ActiveCfg = Debug|Any CPU
		{6FE8A555-4BFC-4A9E-B554-9DF4191605DF}.Debug|Any CPU.Build.0 = Debug|Any CPU
		{6FE8A555-4BFC-4A9E-B554-9DF4191605DF}.Debug|x64.ActiveCfg = Debug|Any CPU
		{6FE8A555-4BFC-4A9E-B554-9DF4191605DF}.Debug|x64.Build.0 = Debug|Any CPU
		{6FE8A555-4BFC-4A9E-B554-9DF4191605DF}.Debug|x86.ActiveCfg = Debug|Any CPU
		{6FE8A555-4BFC-4A9E-B554-9DF4191605DF}.Debug|x86.Build.0 = Debug|Any CPU
		{6FE8A555-4BFC-4A9E-B554-9DF4191605DF}.Release|Any CPU.ActiveCfg = Release|Any CPU
		{6FE8A555-4BFC-4A9E-B554-9DF4191605DF}.Release|Any CPU.Build.0 = Release|Any CPU
		{6FE8A555-4BFC-4A9E-B554-9DF4191605DF}.Release|x64.ActiveCfg = Release|Any CPU
		{6FE8A555-4BFC-4A9E-B554-9DF4191605DF}.Release|x64.Build.0 = Release|Any CPU
		{6FE8A555-4BFC-4A9E-B554-9DF4191605DF}.Release|x86.ActiveCfg = Release|Any CPU
		{6FE8A555-4BFC-4A9E-B554-9DF4191605DF}.Release|x86.Build.0 = Release|Any CPU
		{00297A1E-1FAA-4F52-8BD2-7B1B5A9D2271}.Debug|Any CPU.ActiveCfg = Debug|Any CPU
		{00297A1E-1FAA-4F52-8BD2-7B1B5A9D2271}.Debug|Any CPU.Build.0 = Debug|Any CPU
		{00297A1E-1FAA-4F52-8BD2-7B1B5A9D2271}.Debug|x64.ActiveCfg = Debug|Any CPU
		{00297A1E-1FAA-4F52-8BD2-7B1B5A9D2271}.Debug|x64.Build.0 = Debug|Any CPU
		{00297A1E-1FAA-4F52-8BD2-7B1B5A9D2271}.Debug|x86.ActiveCfg = Debug|Any CPU
		{00297A1E-1FAA-4F52-8BD2-7B1B5A9D2271}.Debug|x86.Build.0 = Debug|Any CPU
		{00297A1E-1FAA-4F52-8BD2-7B1B5A9D2271}.Release|Any CPU.ActiveCfg = Release|Any CPU
		{00297A1E-1FAA-4F52-8BD2-7B1B5A9D2271}.Release|Any CPU.Build.0 = Release|Any CPU
		{00297A1E-1FAA-4F52-8BD2-7B1B5A9D2271}.Release|x64.ActiveCfg = Release|Any CPU
		{00297A1E-1FAA-4F52-8BD2-7B1B5A9D2271}.Release|x64.Build.0 = Release|Any CPU
		{00297A1E-1FAA-4F52-8BD2-7B1B5A9D2271}.Release|x86.ActiveCfg = Release|Any CPU
		{00297A1E-1FAA-4F52-8BD2-7B1B5A9D2271}.Release|x86.Build.0 = Release|Any CPU
		{022897D3-C12E-446F-B049-A94FC5AF9F66}.Debug|Any CPU.ActiveCfg = Debug|Any CPU
		{022897D3-C12E-446F-B049-A94FC5AF9F66}.Debug|Any CPU.Build.0 = Debug|Any CPU
		{022897D3-C12E-446F-B049-A94FC5AF9F66}.Debug|x64.ActiveCfg = Debug|Any CPU
		{022897D3-C12E-446F-B049-A94FC5AF9F66}.Debug|x64.Build.0 = Debug|Any CPU
		{022897D3-C12E-446F-B049-A94FC5AF9F66}.Debug|x86.ActiveCfg = Debug|Any CPU
		{022897D3-C12E-446F-B049-A94FC5AF9F66}.Debug|x86.Build.0 = Debug|Any CPU
		{022897D3-C12E-446F-B049-A94FC5AF9F66}.Release|Any CPU.ActiveCfg = Release|Any CPU
		{022897D3-C12E-446F-B049-A94FC5AF9F66}.Release|Any CPU.Build.0 = Release|Any CPU
		{022897D3-C12E-446F-B049-A94FC5AF9F66}.Release|x64.ActiveCfg = Release|Any CPU
		{022897D3-C12E-446F-B049-A94FC5AF9F66}.Release|x64.Build.0 = Release|Any CPU
		{022897D3-C12E-446F-B049-A94FC5AF9F66}.Release|x86.ActiveCfg = Release|Any CPU
		{022897D3-C12E-446F-B049-A94FC5AF9F66}.Release|x86.Build.0 = Release|Any CPU
		{019C59ED-A3B1-4AE0-A009-EECBC055370C}.Debug|Any CPU.ActiveCfg = Debug|Any CPU
		{019C59ED-A3B1-4AE0-A009-EECBC055370C}.Debug|Any CPU.Build.0 = Debug|Any CPU
		{019C59ED-A3B1-4AE0-A009-EECBC055370C}.Debug|x64.ActiveCfg = Debug|Any CPU
		{019C59ED-A3B1-4AE0-A009-EECBC055370C}.Debug|x64.Build.0 = Debug|Any CPU
		{019C59ED-A3B1-4AE0-A009-EECBC055370C}.Debug|x86.ActiveCfg = Debug|Any CPU
		{019C59ED-A3B1-4AE0-A009-EECBC055370C}.Debug|x86.Build.0 = Debug|Any CPU
		{019C59ED-A3B1-4AE0-A009-EECBC055370C}.Release|Any CPU.ActiveCfg = Release|Any CPU
		{019C59ED-A3B1-4AE0-A009-EECBC055370C}.Release|Any CPU.Build.0 = Release|Any CPU
		{019C59ED-A3B1-4AE0-A009-EECBC055370C}.Release|x64.ActiveCfg = Release|Any CPU
		{019C59ED-A3B1-4AE0-A009-EECBC055370C}.Release|x64.Build.0 = Release|Any CPU
		{019C59ED-A3B1-4AE0-A009-EECBC055370C}.Release|x86.ActiveCfg = Release|Any CPU
		{019C59ED-A3B1-4AE0-A009-EECBC055370C}.Release|x86.Build.0 = Release|Any CPU
		{33209979-D2A6-4DCB-8E12-A23061CF7401}.Debug|Any CPU.ActiveCfg = Debug|Any CPU
		{33209979-D2A6-4DCB-8E12-A23061CF7401}.Debug|Any CPU.Build.0 = Debug|Any CPU
		{33209979-D2A6-4DCB-8E12-A23061CF7401}.Debug|x64.ActiveCfg = Debug|Any CPU
		{33209979-D2A6-4DCB-8E12-A23061CF7401}.Debug|x64.Build.0 = Debug|Any CPU
		{33209979-D2A6-4DCB-8E12-A23061CF7401}.Debug|x86.ActiveCfg = Debug|Any CPU
		{33209979-D2A6-4DCB-8E12-A23061CF7401}.Debug|x86.Build.0 = Debug|Any CPU
		{33209979-D2A6-4DCB-8E12-A23061CF7401}.Release|Any CPU.ActiveCfg = Release|Any CPU
		{33209979-D2A6-4DCB-8E12-A23061CF7401}.Release|Any CPU.Build.0 = Release|Any CPU
		{33209979-D2A6-4DCB-8E12-A23061CF7401}.Release|x64.ActiveCfg = Release|Any CPU
		{33209979-D2A6-4DCB-8E12-A23061CF7401}.Release|x64.Build.0 = Release|Any CPU
		{33209979-D2A6-4DCB-8E12-A23061CF7401}.Release|x86.ActiveCfg = Release|Any CPU
		{33209979-D2A6-4DCB-8E12-A23061CF7401}.Release|x86.Build.0 = Release|Any CPU
		{A04C3EE9-D3B3-47BB-849F-E0C0AD85E043}.Debug|Any CPU.ActiveCfg = Debug|Any CPU
		{A04C3EE9-D3B3-47BB-849F-E0C0AD85E043}.Debug|Any CPU.Build.0 = Debug|Any CPU
		{A04C3EE9-D3B3-47BB-849F-E0C0AD85E043}.Debug|x64.ActiveCfg = Debug|Any CPU
		{A04C3EE9-D3B3-47BB-849F-E0C0AD85E043}.Debug|x64.Build.0 = Debug|Any CPU
		{A04C3EE9-D3B3-47BB-849F-E0C0AD85E043}.Debug|x86.ActiveCfg = Debug|Any CPU
		{A04C3EE9-D3B3-47BB-849F-E0C0AD85E043}.Debug|x86.Build.0 = Debug|Any CPU
		{A04C3EE9-D3B3-47BB-849F-E0C0AD85E043}.Release|Any CPU.ActiveCfg = Release|Any CPU
		{A04C3EE9-D3B3-47BB-849F-E0C0AD85E043}.Release|Any CPU.Build.0 = Release|Any CPU
		{A04C3EE9-D3B3-47BB-849F-E0C0AD85E043}.Release|x64.ActiveCfg = Release|Any CPU
		{A04C3EE9-D3B3-47BB-849F-E0C0AD85E043}.Release|x64.Build.0 = Release|Any CPU
		{A04C3EE9-D3B3-47BB-849F-E0C0AD85E043}.Release|x86.ActiveCfg = Release|Any CPU
		{A04C3EE9-D3B3-47BB-849F-E0C0AD85E043}.Release|x86.Build.0 = Release|Any CPU
		{F6BCFA4B-EB1E-4075-89A3-7BA70C49A6C7}.Debug|Any CPU.ActiveCfg = Debug|Any CPU
		{F6BCFA4B-EB1E-4075-89A3-7BA70C49A6C7}.Debug|Any CPU.Build.0 = Debug|Any CPU
		{F6BCFA4B-EB1E-4075-89A3-7BA70C49A6C7}.Debug|x64.ActiveCfg = Debug|Any CPU
		{F6BCFA4B-EB1E-4075-89A3-7BA70C49A6C7}.Debug|x64.Build.0 = Debug|Any CPU
		{F6BCFA4B-EB1E-4075-89A3-7BA70C49A6C7}.Debug|x86.ActiveCfg = Debug|Any CPU
		{F6BCFA4B-EB1E-4075-89A3-7BA70C49A6C7}.Debug|x86.Build.0 = Debug|Any CPU
		{F6BCFA4B-EB1E-4075-89A3-7BA70C49A6C7}.Release|Any CPU.ActiveCfg = Release|Any CPU
		{F6BCFA4B-EB1E-4075-89A3-7BA70C49A6C7}.Release|Any CPU.Build.0 = Release|Any CPU
		{F6BCFA4B-EB1E-4075-89A3-7BA70C49A6C7}.Release|x64.ActiveCfg = Release|Any CPU
		{F6BCFA4B-EB1E-4075-89A3-7BA70C49A6C7}.Release|x64.Build.0 = Release|Any CPU
		{F6BCFA4B-EB1E-4075-89A3-7BA70C49A6C7}.Release|x86.ActiveCfg = Release|Any CPU
		{F6BCFA4B-EB1E-4075-89A3-7BA70C49A6C7}.Release|x86.Build.0 = Release|Any CPU
		{F8B51BD7-6F3B-44C7-9EAE-B2A0FCAD48AF}.Debug|Any CPU.ActiveCfg = Debug|Any CPU
		{F8B51BD7-6F3B-44C7-9EAE-B2A0FCAD48AF}.Debug|Any CPU.Build.0 = Debug|Any CPU
		{F8B51BD7-6F3B-44C7-9EAE-B2A0FCAD48AF}.Debug|x64.ActiveCfg = Debug|Any CPU
		{F8B51BD7-6F3B-44C7-9EAE-B2A0FCAD48AF}.Debug|x64.Build.0 = Debug|Any CPU
		{F8B51BD7-6F3B-44C7-9EAE-B2A0FCAD48AF}.Debug|x86.ActiveCfg = Debug|Any CPU
		{F8B51BD7-6F3B-44C7-9EAE-B2A0FCAD48AF}.Debug|x86.Build.0 = Debug|Any CPU
		{F8B51BD7-6F3B-44C7-9EAE-B2A0FCAD48AF}.Release|Any CPU.ActiveCfg = Release|Any CPU
		{F8B51BD7-6F3B-44C7-9EAE-B2A0FCAD48AF}.Release|Any CPU.Build.0 = Release|Any CPU
		{F8B51BD7-6F3B-44C7-9EAE-B2A0FCAD48AF}.Release|x64.ActiveCfg = Release|Any CPU
		{F8B51BD7-6F3B-44C7-9EAE-B2A0FCAD48AF}.Release|x64.Build.0 = Release|Any CPU
		{F8B51BD7-6F3B-44C7-9EAE-B2A0FCAD48AF}.Release|x86.ActiveCfg = Release|Any CPU
		{F8B51BD7-6F3B-44C7-9EAE-B2A0FCAD48AF}.Release|x86.Build.0 = Release|Any CPU
		{3C40FA03-4CD9-49E7-9005-97E43DB94E93}.Debug|Any CPU.ActiveCfg = Debug|Any CPU
		{3C40FA03-4CD9-49E7-9005-97E43DB94E93}.Debug|Any CPU.Build.0 = Debug|Any CPU
		{3C40FA03-4CD9-49E7-9005-97E43DB94E93}.Debug|x64.ActiveCfg = Debug|Any CPU
		{3C40FA03-4CD9-49E7-9005-97E43DB94E93}.Debug|x64.Build.0 = Debug|Any CPU
		{3C40FA03-4CD9-49E7-9005-97E43DB94E93}.Debug|x86.ActiveCfg = Debug|Any CPU
		{3C40FA03-4CD9-49E7-9005-97E43DB94E93}.Debug|x86.Build.0 = Debug|Any CPU
		{3C40FA03-4CD9-49E7-9005-97E43DB94E93}.Release|Any CPU.ActiveCfg = Release|Any CPU
		{3C40FA03-4CD9-49E7-9005-97E43DB94E93}.Release|Any CPU.Build.0 = Release|Any CPU
		{3C40FA03-4CD9-49E7-9005-97E43DB94E93}.Release|x64.ActiveCfg = Release|Any CPU
		{3C40FA03-4CD9-49E7-9005-97E43DB94E93}.Release|x64.Build.0 = Release|Any CPU
		{3C40FA03-4CD9-49E7-9005-97E43DB94E93}.Release|x86.ActiveCfg = Release|Any CPU
		{3C40FA03-4CD9-49E7-9005-97E43DB94E93}.Release|x86.Build.0 = Release|Any CPU
		{DA377113-E11C-4F40-A597-1951BCF65DA5}.Debug|Any CPU.ActiveCfg = Debug|Any CPU
		{DA377113-E11C-4F40-A597-1951BCF65DA5}.Debug|Any CPU.Build.0 = Debug|Any CPU
		{DA377113-E11C-4F40-A597-1951BCF65DA5}.Debug|x64.ActiveCfg = Debug|Any CPU
		{DA377113-E11C-4F40-A597-1951BCF65DA5}.Debug|x64.Build.0 = Debug|Any CPU
		{DA377113-E11C-4F40-A597-1951BCF65DA5}.Debug|x86.ActiveCfg = Debug|Any CPU
		{DA377113-E11C-4F40-A597-1951BCF65DA5}.Debug|x86.Build.0 = Debug|Any CPU
		{DA377113-E11C-4F40-A597-1951BCF65DA5}.Release|Any CPU.ActiveCfg = Release|Any CPU
		{DA377113-E11C-4F40-A597-1951BCF65DA5}.Release|Any CPU.Build.0 = Release|Any CPU
		{DA377113-E11C-4F40-A597-1951BCF65DA5}.Release|x64.ActiveCfg = Release|Any CPU
		{DA377113-E11C-4F40-A597-1951BCF65DA5}.Release|x64.Build.0 = Release|Any CPU
		{DA377113-E11C-4F40-A597-1951BCF65DA5}.Release|x86.ActiveCfg = Release|Any CPU
		{DA377113-E11C-4F40-A597-1951BCF65DA5}.Release|x86.Build.0 = Release|Any CPU
		{5F0BA53D-E159-4AF1-97E7-5A28DB4AAD02}.Debug|Any CPU.ActiveCfg = Debug|Any CPU
		{5F0BA53D-E159-4AF1-97E7-5A28DB4AAD02}.Debug|Any CPU.Build.0 = Debug|Any CPU
		{5F0BA53D-E159-4AF1-97E7-5A28DB4AAD02}.Debug|x64.ActiveCfg = Debug|Any CPU
		{5F0BA53D-E159-4AF1-97E7-5A28DB4AAD02}.Debug|x64.Build.0 = Debug|Any CPU
		{5F0BA53D-E159-4AF1-97E7-5A28DB4AAD02}.Debug|x86.ActiveCfg = Debug|Any CPU
		{5F0BA53D-E159-4AF1-97E7-5A28DB4AAD02}.Debug|x86.Build.0 = Debug|Any CPU
		{5F0BA53D-E159-4AF1-97E7-5A28DB4AAD02}.Release|Any CPU.ActiveCfg = Release|Any CPU
		{5F0BA53D-E159-4AF1-97E7-5A28DB4AAD02}.Release|Any CPU.Build.0 = Release|Any CPU
		{5F0BA53D-E159-4AF1-97E7-5A28DB4AAD02}.Release|x64.ActiveCfg = Release|Any CPU
		{5F0BA53D-E159-4AF1-97E7-5A28DB4AAD02}.Release|x64.Build.0 = Release|Any CPU
		{5F0BA53D-E159-4AF1-97E7-5A28DB4AAD02}.Release|x86.ActiveCfg = Release|Any CPU
		{5F0BA53D-E159-4AF1-97E7-5A28DB4AAD02}.Release|x86.Build.0 = Release|Any CPU
	EndGlobalSection
	GlobalSection(SolutionProperties) = preSolution
		HideSolutionNode = FALSE
	EndGlobalSection
	GlobalSection(NestedProjects) = preSolution
		{90298CBA-BD6F-3A0A-69D5-97CAD7B05E7E} = {827E0CD3-B72D-47B6-A68D-7590B98EB39B}
		{6645F84F-2F15-4773-8174-54A9D1BA2403} = {90298CBA-BD6F-3A0A-69D5-97CAD7B05E7E}
		{480F930E-E08C-4460-986C-B9642653E939} = {90298CBA-BD6F-3A0A-69D5-97CAD7B05E7E}
		{4461FD4E-A4EF-4A94-8F28-F484D2669DE8} = {90298CBA-BD6F-3A0A-69D5-97CAD7B05E7E}
		{D58311AC-AADE-4F74-8964-C483B9A44DC3} = {90298CBA-BD6F-3A0A-69D5-97CAD7B05E7E}
		{FD11E8FD-FA37-D09A-0E3B-962F97776DA7} = {827E0CD3-B72D-47B6-A68D-7590B98EB39B}
		{DBFB4A10-1A74-490F-8B36-5284026C9DCD} = {FD11E8FD-FA37-D09A-0E3B-962F97776DA7}
		{EDC8A3E5-19A0-41D2-873A-C0743FC5DDE7} = {FD11E8FD-FA37-D09A-0E3B-962F97776DA7}
		{E0280DE5-8C42-48E9-A411-410D52A5A324} = {FD11E8FD-FA37-D09A-0E3B-962F97776DA7}
		{EC447DCF-ABFA-6E24-52A5-D7FD48A5C558} = {827E0CD3-B72D-47B6-A68D-7590B98EB39B}
		{0EC62A1A-9858-3A60-8A0C-FC9AACFA2EC7} = {EC447DCF-ABFA-6E24-52A5-D7FD48A5C558}
		{D6326868-6D93-47D9-AE34-5895DB1A37A8} = {0EC62A1A-9858-3A60-8A0C-FC9AACFA2EC7}
		{089120BF-D10D-44B6-90DC-946FF360CC1A} = {0EC62A1A-9858-3A60-8A0C-FC9AACFA2EC7}
		{8BBECA6F-8E74-44AD-92C8-F29FB052EBDB} = {0EC62A1A-9858-3A60-8A0C-FC9AACFA2EC7}
		{C3C57391-210A-4D52-9A35-3C49A2E31492} = {0EC62A1A-9858-3A60-8A0C-FC9AACFA2EC7}
		{981C2CF6-E5BB-602A-511C-234B538302B0} = {827E0CD3-B72D-47B6-A68D-7590B98EB39B}
		{5C17FD7E-A76F-41F1-8B07-B853870D631A} = {981C2CF6-E5BB-602A-511C-234B538302B0}
		{47F24595-6CDB-7124-5351-294006A4EA6F} = {EC447DCF-ABFA-6E24-52A5-D7FD48A5C558}
		{AC4CBB6C-62CA-4B2A-9BC7-3082E9B3069C} = {47F24595-6CDB-7124-5351-294006A4EA6F}
		{6FE8A555-4BFC-4A9E-B554-9DF4191605DF} = {47F24595-6CDB-7124-5351-294006A4EA6F}
		{00297A1E-1FAA-4F52-8BD2-7B1B5A9D2271} = {47F24595-6CDB-7124-5351-294006A4EA6F}
		{022897D3-C12E-446F-B049-A94FC5AF9F66} = {47F24595-6CDB-7124-5351-294006A4EA6F}
		{6EBCFD33-7D2C-6F0C-B60B-6B70B57F5713} = {EC447DCF-ABFA-6E24-52A5-D7FD48A5C558}
		{019C59ED-A3B1-4AE0-A009-EECBC055370C} = {6EBCFD33-7D2C-6F0C-B60B-6B70B57F5713}
		{33209979-D2A6-4DCB-8E12-A23061CF7401} = {6EBCFD33-7D2C-6F0C-B60B-6B70B57F5713}
		{A04C3EE9-D3B3-47BB-849F-E0C0AD85E043} = {6EBCFD33-7D2C-6F0C-B60B-6B70B57F5713}
		{F6BCFA4B-EB1E-4075-89A3-7BA70C49A6C7} = {6EBCFD33-7D2C-6F0C-B60B-6B70B57F5713}
		{742DB8C1-F799-2629-68C3-D4C48DE551AD} = {EC447DCF-ABFA-6E24-52A5-D7FD48A5C558}
		{F8B51BD7-6F3B-44C7-9EAE-B2A0FCAD48AF} = {742DB8C1-F799-2629-68C3-D4C48DE551AD}
		{3C40FA03-4CD9-49E7-9005-97E43DB94E93} = {742DB8C1-F799-2629-68C3-D4C48DE551AD}
		{DA377113-E11C-4F40-A597-1951BCF65DA5} = {742DB8C1-F799-2629-68C3-D4C48DE551AD}
		{5F0BA53D-E159-4AF1-97E7-5A28DB4AAD02} = {742DB8C1-F799-2629-68C3-D4C48DE551AD}
	EndGlobalSection
	GlobalSection(ExtensibilityGlobals) = postSolution
		SolutionGuid = {D2500F03-BFD5-4C88-BEFC-68F935715EC9}
	EndGlobalSection
EndGlobal
